// !$*UTF8*$!
{
	archiveVersion = 1;
	classes = {
	};
	objectVersion = 50;
	objects = {

/* Begin PBXBuildFile section */
		13984FD2213B0E81001EBB4A /* AppDelegate.swift in Sources */ = {isa = PBXBuildFile; fileRef = 13984FD1213B0E81001EBB4A /* AppDelegate.swift */; };
		13984FD4213B0E81001EBB4A /* art.scnassets in Resources */ = {isa = PBXBuildFile; fileRef = 13984FD3213B0E81001EBB4A /* art.scnassets */; };
		13984FD6213B0E81001EBB4A /* ViewController.swift in Sources */ = {isa = PBXBuildFile; fileRef = 13984FD5213B0E81001EBB4A /* ViewController.swift */; };
		13984FD9213B0E81001EBB4A /* Main.storyboard in Resources */ = {isa = PBXBuildFile; fileRef = 13984FD7213B0E81001EBB4A /* Main.storyboard */; };
		13984FDB213B0E82001EBB4A /* Assets.xcassets in Resources */ = {isa = PBXBuildFile; fileRef = 13984FDA213B0E82001EBB4A /* Assets.xcassets */; };
		13984FDE213B0E82001EBB4A /* LaunchScreen.storyboard in Resources */ = {isa = PBXBuildFile; fileRef = 13984FDC213B0E82001EBB4A /* LaunchScreen.storyboard */; };
/* End PBXBuildFile section */

/* Begin PBXFileReference section */
		13984FCE213B0E81001EBB4A /* recog.app */ = {isa = PBXFileReference; explicitFileType = wrapper.application; includeInIndex = 0; path = recog.app; sourceTree = BUILT_PRODUCTS_DIR; };
		13984FD1213B0E81001EBB4A /* AppDelegate.swift */ = {isa = PBXFileReference; lastKnownFileType = sourcecode.swift; path = AppDelegate.swift; sourceTree = "<group>"; };
		13984FD3213B0E81001EBB4A /* art.scnassets */ = {isa = PBXFileReference; lastKnownFileType = wrapper.scnassets; path = art.scnassets; sourceTree = "<group>"; };
		13984FD5213B0E81001EBB4A /* ViewController.swift */ = {isa = PBXFileReference; lastKnownFileType = sourcecode.swift; path = ViewController.swift; sourceTree = "<group>"; };
		13984FD8213B0E81001EBB4A /* Base */ = {isa = PBXFileReference; lastKnownFileType = file.storyboard; name = Base; path = Base.lproj/Main.storyboard; sourceTree = "<group>"; };
		13984FDA213B0E82001EBB4A /* Assets.xcassets */ = {isa = PBXFileReference; lastKnownFileType = folder.assetcatalog; path = Assets.xcassets; sourceTree = "<group>"; };
		13984FDD213B0E82001EBB4A /* Base */ = {isa = PBXFileReference; lastKnownFileType = file.storyboard; name = Base; path = Base.lproj/LaunchScreen.storyboard; sourceTree = "<group>"; };
		13984FDF213B0E82001EBB4A /* Info.plist */ = {isa = PBXFileReference; lastKnownFileType = text.plist.xml; path = Info.plist; sourceTree = "<group>"; };
/* End PBXFileReference section */

/* Begin PBXFrameworksBuildPhase section */
		13984FCB213B0E81001EBB4A /* Frameworks */ = {
			isa = PBXFrameworksBuildPhase;
			buildActionMask = 2147483647;
			files = (
			);
			runOnlyForDeploymentPostprocessing = 0;
		};
/* End PBXFrameworksBuildPhase section */

/* Begin PBXGroup section */
		13984FC5213B0E81001EBB4A = {
			isa = PBXGroup;
			children = (
				13984FD0213B0E81001EBB4A /* recog */,
				13984FCF213B0E81001EBB4A /* Products */,
			);
			sourceTree = "<group>";
		};
		13984FCF213B0E81001EBB4A /* Products */ = {
			isa = PBXGroup;
			children = (
				13984FCE213B0E81001EBB4A /* recog.app */,
			);
			name = Products;
			sourceTree = "<group>";
		};
		13984FD0213B0E81001EBB4A /* recog */ = {
			isa = PBXGroup;
			children = (
				13984FD1213B0E81001EBB4A /* AppDelegate.swift */,
				13984FD3213B0E81001EBB4A /* art.scnassets */,
				13984FD5213B0E81001EBB4A /* ViewController.swift */,
				13984FD7213B0E81001EBB4A /* Main.storyboard */,
				13984FDA213B0E82001EBB4A /* Assets.xcassets */,
				13984FDC213B0E82001EBB4A /* LaunchScreen.storyboard */,
				13984FDF213B0E82001EBB4A /* Info.plist */,
			);
			path = recog;
			sourceTree = "<group>";
		};
/* End PBXGroup section */

/* Begin PBXNativeTarget section */
		13984FCD213B0E81001EBB4A /* recog */ = {
			isa = PBXNativeTarget;
			buildConfigurationList = 13984FE2213B0E82001EBB4A /* Build configuration list for PBXNativeTarget "recog" */;
			buildPhases = (
				13984FCA213B0E81001EBB4A /* Sources */,
				13984FCB213B0E81001EBB4A /* Frameworks */,
				13984FCC213B0E81001EBB4A /* Resources */,
			);
			buildRules = (
			);
			dependencies = (
			);
			name = recog;
			productName = recog;
			productReference = 13984FCE213B0E81001EBB4A /* recog.app */;
			productType = "com.apple.product-type.application";
		};
/* End PBXNativeTarget section */

/* Begin PBXProject section */
		13984FC6213B0E81001EBB4A /* Project object */ = {
			isa = PBXProject;
			attributes = {
				LastSwiftUpdateCheck = 1000;
				LastUpgradeCheck = 1000;
				ORGANIZATIONNAME = "小池駿平";
				TargetAttributes = {
					13984FCD213B0E81001EBB4A = {
						CreatedOnToolsVersion = 10.0;
					};
				};
			};
			buildConfigurationList = 13984FC9213B0E81001EBB4A /* Build configuration list for PBXProject "recog" */;
			compatibilityVersion = "Xcode 9.3";
			developmentRegion = en;
			hasScannedForEncodings = 0;
			knownRegions = (
				en,
				Base,
			);
			mainGroup = 13984FC5213B0E81001EBB4A;
			productRefGroup = 13984FCF213B0E81001EBB4A /* Products */;
			projectDirPath = "";
			projectRoot = "";
			targets = (
				13984FCD213B0E81001EBB4A /* recog */,
			);
		};
/* End PBXProject section */

/* Begin PBXResourcesBuildPhase section */
		13984FCC213B0E81001EBB4A /* Resources */ = {
			isa = PBXResourcesBuildPhase;
			buildActionMask = 2147483647;
			files = (
				13984FD4213B0E81001EBB4A /* art.scnassets in Resources */,
				13984FDE213B0E82001EBB4A /* LaunchScreen.storyboard in Resources */,
				13984FDB213B0E82001EBB4A /* Assets.xcassets in Resources */,
				13984FD9213B0E81001EBB4A /* Main.storyboard in Resources */,
			);
			runOnlyForDeploymentPostprocessing = 0;
		};
/* End PBXResourcesBuildPhase section */

/* Begin PBXSourcesBuildPhase section */
		13984FCA213B0E81001EBB4A /* Sources */ = {
			isa = PBXSourcesBuildPhase;
			buildActionMask = 2147483647;
			files = (
				13984FD6213B0E81001EBB4A /* ViewController.swift in Sources */,
				13984FD2213B0E81001EBB4A /* AppDelegate.swift in Sources */,
			);
			runOnlyForDeploymentPostprocessing = 0;
		};
/* End PBXSourcesBuildPhase section */

/* Begin PBXVariantGroup section */
		13984FD7213B0E81001EBB4A /* Main.storyboard */ = {
			isa = PBXVariantGroup;
			children = (
				13984FD8213B0E81001EBB4A /* Base */,
			);
			name = Main.storyboard;
			sourceTree = "<group>";
		};
		13984FDC213B0E82001EBB4A /* LaunchScreen.storyboard */ = {
			isa = PBXVariantGroup;
			children = (
				13984FDD213B0E82001EBB4A /* Base */,
			);
			name = LaunchScreen.storyboard;
			sourceTree = "<group>";
		};
/* End PBXVariantGroup section */

/* Begin XCBuildConfiguration section */
		13984FE0213B0E82001EBB4A /* Debug */ = {
			isa = XCBuildConfiguration;
			buildSettings = {
				ALWAYS_SEARCH_USER_PATHS = NO;
				CLANG_ANALYZER_NONNULL = YES;
				CLANG_ANALYZER_NUMBER_OBJECT_CONVERSION = YES_AGGRESSIVE;
				CLANG_CXX_LANGUAGE_STANDARD = "gnu++14";
				CLANG_CXX_LIBRARY = "libc++";
				CLANG_ENABLE_MODULES = YES;
				CLANG_ENABLE_OBJC_ARC = YES;
				CLANG_ENABLE_OBJC_WEAK = YES;
				CLANG_WARN_BLOCK_CAPTURE_AUTORELEASING = YES;
				CLANG_WARN_BOOL_CONVERSION = YES;
				CLANG_WARN_COMMA = YES;
				CLANG_WARN_CONSTANT_CONVERSION = YES;
				CLANG_WARN_DEPRECATED_OBJC_IMPLEMENTATIONS = YES;
				CLANG_WARN_DIRECT_OBJC_ISA_USAGE = YES_ERROR;
				CLANG_WARN_DOCUMENTATION_COMMENTS = YES;
				CLANG_WARN_EMPTY_BODY = YES;
				CLANG_WARN_ENUM_CONVERSION = YES;
				CLANG_WARN_INFINITE_RECURSION = YES;
				CLANG_WARN_INT_CONVERSION = YES;
				CLANG_WARN_NON_LITERAL_NULL_CONVERSION = YES;
				CLANG_WARN_OBJC_IMPLICIT_RETAIN_SELF = YES;
				CLANG_WARN_OBJC_LITERAL_CONVERSION = YES;
				CLANG_WARN_OBJC_ROOT_CLASS = YES_ERROR;
				CLANG_WARN_RANGE_LOOP_ANALYSIS = YES;
				CLANG_WARN_STRICT_PROTOTYPES = YES;
				CLANG_WARN_SUSPICIOUS_MOVE = YES;
				CLANG_WARN_UNGUARDED_AVAILABILITY = YES_AGGRESSIVE;
				CLANG_WARN_UNREACHABLE_CODE = YES;
				CLANG_WARN__DUPLICATE_METHOD_MATCH = YES;
				CODE_SIGN_IDENTITY = "iPhone Developer";
				COPY_PHASE_STRIP = NO;
				DEBUG_INFORMATION_FORMAT = dwarf;
				ENABLE_STRICT_OBJC_MSGSEND = YES;
				ENABLE_TESTABILITY = YES;
				GCC_C_LANGUAGE_STANDARD = gnu11;
				GCC_DYNAMIC_NO_PIC = NO;
				GCC_NO_COMMON_BLOCKS = YES;
				GCC_OPTIMIZATION_LEVEL = 0;
				GCC_PREPROCESSOR_DEFINITIONS = (
					"DEBUG=1",
					"$(inherited)",
				);
				GCC_WARN_64_TO_32_BIT_CONVERSION = YES;
				GCC_WARN_ABOUT_RETURN_TYPE = YES_ERROR;
				GCC_WARN_UNDECLARED_SELECTOR = YES;
				GCC_WARN_UNINITIALIZED_AUTOS = YES_AGGRESSIVE;
				GCC_WARN_UNUSED_FUNCTION = YES;
				GCC_WARN_UNUSED_VARIABLE = YES;
				IPHONEOS_DEPLOYMENT_TARGET = 12.0;
				MTL_ENABLE_DEBUG_INFO = INCLUDE_SOURCE;
				MTL_FAST_MATH = YES;
				ONLY_ACTIVE_ARCH = YES;
				SDKROOT = iphoneos;
				SWIFT_ACTIVE_COMPILATION_CONDITIONS = DEBUG;
				SWIFT_OPTIMIZATION_LEVEL = "-Onone";
			};
			name = Debug;
		};
		13984FE1213B0E82001EBB4A /* Release */ = {
			isa = XCBuildConfiguration;
			buildSettings = {
				ALWAYS_SEARCH_USER_PATHS = NO;
				CLANG_ANALYZER_NONNULL = YES;
				CLANG_ANALYZER_NUMBER_OBJECT_CONVERSION = YES_AGGRESSIVE;
				CLANG_CXX_LANGUAGE_STANDARD = "gnu++14";
				CLANG_CXX_LIBRARY = "libc++";
				CLANG_ENABLE_MODULES = YES;
				CLANG_ENABLE_OBJC_ARC = YES;
				CLANG_ENABLE_OBJC_WEAK = YES;
				CLANG_WARN_BLOCK_CAPTURE_AUTORELEASING = YES;
				CLANG_WARN_BOOL_CONVERSION = YES;
				CLANG_WARN_COMMA = YES;
				CLANG_WARN_CONSTANT_CONVERSION = YES;
				CLANG_WARN_DEPRECATED_OBJC_IMPLEMENTATIONS = YES;
				CLANG_WARN_DIRECT_OBJC_ISA_USAGE = YES_ERROR;
				CLANG_WARN_DOCUMENTATION_COMMENTS = YES;
				CLANG_WARN_EMPTY_BODY = YES;
				CLANG_WARN_ENUM_CONVERSION = YES;
				CLANG_WARN_INFINITE_RECURSION = YES;
				CLANG_WARN_INT_CONVERSION = YES;
				CLANG_WARN_NON_LITERAL_NULL_CONVERSION = YES;
				CLANG_WARN_OBJC_IMPLICIT_RETAIN_SELF = YES;
				CLANG_WARN_OBJC_LITERAL_CONVERSION = YES;
				CLANG_WARN_OBJC_ROOT_CLASS = YES_ERROR;
				CLANG_WARN_RANGE_LOOP_ANALYSIS = YES;
				CLANG_WARN_STRICT_PROTOTYPES = YES;
				CLANG_WARN_SUSPICIOUS_MOVE = YES;
				CLANG_WARN_UNGUARDED_AVAILABILITY = YES_AGGRESSIVE;
				CLANG_WARN_UNREACHABLE_CODE = YES;
				CLANG_WARN__DUPLICATE_METHOD_MATCH = YES;
				CODE_SIGN_IDENTITY = "iPhone Developer";
				COPY_PHASE_STRIP = NO;
				DEBUG_INFORMATION_FORMAT = "dwarf-with-dsym";
				ENABLE_NS_ASSERTIONS = NO;
				ENABLE_STRICT_OBJC_MSGSEND = YES;
				GCC_C_LANGUAGE_STANDARD = gnu11;
				GCC_NO_COMMON_BLOCKS = YES;
				GCC_WARN_64_TO_32_BIT_CONVERSION = YES;
				GCC_WARN_ABOUT_RETURN_TYPE = YES_ERROR;
				GCC_WARN_UNDECLARED_SELECTOR = YES;
				GCC_WARN_UNINITIALIZED_AUTOS = YES_AGGRESSIVE;
				GCC_WARN_UNUSED_FUNCTION = YES;
				GCC_WARN_UNUSED_VARIABLE = YES;
				IPHONEOS_DEPLOYMENT_TARGET = 12.0;
				MTL_ENABLE_DEBUG_INFO = NO;
				MTL_FAST_MATH = YES;
				SDKROOT = iphoneos;
				SWIFT_COMPILATION_MODE = wholemodule;
				SWIFT_OPTIMIZATION_LEVEL = "-O";
				VALIDATE_PRODUCT = YES;
			};
			name = Release;
		};
		13984FE3213B0E82001EBB4A /* Debug */ = {
			isa = XCBuildConfiguration;
			buildSettings = {
				ASSETCATALOG_COMPILER_APPICON_NAME = AppIcon;
				CODE_SIGN_STYLE = Automatic;
				DEVELOPMENT_TEAM = KSK9U549LZ;
				INFOPLIST_FILE = recog/Info.plist;
				LD_RUNPATH_SEARCH_PATHS = (
					"$(inherited)",
					"@executable_path/Frameworks",
				);
				PRODUCT_BUNDLE_IDENTIFIER = com.shunp.recog;
				PRODUCT_NAME = "$(TARGET_NAME)";
				SWIFT_VERSION = 4.2;
				TARGETED_DEVICE_FAMILY = "1,2";
			};
			name = Debug;
		};
		13984FE4213B0E82001EBB4A /* Release */ = {
			isa = XCBuildConfiguration;
			buildSettings = {
				ASSETCATALOG_COMPILER_APPICON_NAME = AppIcon;
				CODE_SIGN_STYLE = Automatic;
				DEVELOPMENT_TEAM = KSK9U549LZ;
				INFOPLIST_FILE = recog/Info.plist;
				LD_RUNPATH_SEARCH_PATHS = (
					"$(inherited)",
					"@executable_path/Frameworks",
				);
				PRODUCT_BUNDLE_IDENTIFIER = com.shunp.recog;
				PRODUCT_NAME = "$(TARGET_NAME)";
				SWIFT_VERSION = 4.2;
				TARGETED_DEVICE_FAMILY = "1,2";
			};
			name = Release;
		};
/* End XCBuildConfiguration section */

/* Begin XCConfigurationList section */
		13984FC9213B0E81001EBB4A /* Build configuration list for PBXProject "recog" */ = {
			isa = XCConfigurationList;
			buildConfigurations = (
				13984FE0213B0E82001EBB4A /* Debug */,
				13984FE1213B0E82001EBB4A /* Release */,
			);
			defaultConfigurationIsVisible = 0;
			defaultConfigurationName = Release;
		};
		13984FE2213B0E82001EBB4A /* Build configuration list for PBXNativeTarget "recog" */ = {
			isa = XCConfigurationList;
			buildConfigurations = (
				13984FE3213B0E82001EBB4A /* Debug */,
				13984FE4213B0E82001EBB4A /* Release */,
			);
			defaultConfigurationIsVisible = 0;
			defaultConfigurationName = Release;
		};
/* End XCConfigurationList section */
	};
	rootObject = 13984FC6213B0E81001EBB4A /* Project object */;
}
